
Microsoft Visual Studio Solution File, Format Version 10.00
# Visual Studio 2008
Project("{8BC9CEB8-8B4A-11D0-8D11-00A0C91BC942}") = "AppUtil", "AppUtil\AppUtil.vcproj", "{068084D0-780C-4A05-B415-5387BD1F5700}"
EndProject
Project("{8BC9CEB8-8B4A-11D0-8D11-00A0C91BC942}") = "7ZipDemo", "7ZipDemo\7ZipDemo.vcproj", "{A6B5BE05-9AF4-4B88-8807-3337D0BB6761}"
EndProject
Global
	GlobalSection(SolutionConfigurationPlatforms) = preSolution
		Debug|Win32 = Debug|Win32
		Release|Win32 = Release|Win32
	EndGlobalSection
	GlobalSection(ProjectConfigurationPlatforms) = postSolution
		{068084D0-780C-4A05-B415-5387BD1F5700}.Debug|Win32.ActiveCfg = Debug|Win32
		{068084D0-780C-4A05-B415-5387BD1F5700}.Debug|Win32.Build.0 = Debug|Win32
		{068084D0-780C-4A05-B415-5387BD1F5700}.Release|Win32.ActiveCfg = Release|Win32
		{068084D0-780C-4A05-B415-5387BD1F5700}.Release|Win32.Build.0 = Release|Win32
		{A6B5BE05-9AF4-4B88-8807-3337D0BB6761}.Debug|Win32.ActiveCfg = Debug|Win32
		{A6B5BE05-9AF4-4B88-8807-3337D0BB6761}.Debug|Win32.Build.0 = Debug|Win32
		{A6B5BE05-9AF4-4B88-8807-3337D0BB6761}.Release|Win32.ActiveCfg = Release|Win32
		{A6B5BE05-9AF4-4B88-8807-3337D0BB6761}.Release|Win32.Build.0 = Release|Win32
	EndGlobalSection
	GlobalSection(SolutionProperties) = preSolution
		HideSolutionNode = FALSE
	EndGlobalSection
EndGlobal
